
Microsoft Visual Studio Solution File, Format Version 12.00
# Visual Studio Version 16
VisualStudioVersion = 25.0.1705.6
MinimumVisualStudioVersion = 10.0.40219.1
Project("{FAE04EC0-301F-11D3-BF4B-00C04F79EFBC}") = "bancosql", "bancosql\bancosql.csproj", "{328C649E-A8DE-4DBE-AD2C-6131D913E150}"
EndProject
Global
	GlobalSection(SolutionConfigurationPlatforms) = preSolution
		Debug|Any CPU = Debug|Any CPU
		Release|Any CPU = Release|Any CPU
	EndGlobalSection
	GlobalSection(ProjectConfigurationPlatforms) = postSolution
		{328C649E-A8DE-4DBE-AD2C-6131D913E150}.Debug|Any CPU.ActiveCfg = Debug|Any CPU
		{328C649E-A8DE-4DBE-AD2C-6131D913E150}.Debug|Any CPU.Build.0 = Debug|Any CPU
		{328C649E-A8DE-4DBE-AD2C-6131D913E150}.Release|Any CPU.ActiveCfg = Release|Any CPU
		{328C649E-A8DE-4DBE-AD2C-6131D913E150}.Release|Any CPU.Build.0 = Release|Any CPU
	EndGlobalSection
	GlobalSection(SolutionProperties) = preSolution
		HideSolutionNode = FALSE
	EndGlobalSection
	GlobalSection(ExtensibilityGlobals) = postSolution
		SolutionGuid = {6687D0B9-762A-4423-B599-0B5A3860D21D}
	EndGlobalSection
EndGlobal
